
Microsoft Visual Studio Solution File, Format Version 12.00
# Visual Studio Version 17
VisualStudioVersion = 17.3.32922.545
MinimumVisualStudioVersion = 10.0.40219.1
Project("{FAE04EC0-301F-11D3-BF4B-00C04F79EFBC}") = "cs1", "cs1\cs1.csproj", "{89855138-F7B1-4173-9851-E3FDCE5FB759}"
EndProject
Global
	GlobalSection(SolutionConfigurationPlatforms) = preSolution
		Debug|Any CPU = Debug|Any CPU
		Release|Any CPU = Release|Any CPU
	EndGlobalSection
	GlobalSection(ProjectConfigurationPlatforms) = postSolution
		{89855138-F7B1-4173-9851-E3FDCE5FB759}.Debug|Any CPU.ActiveCfg = Debug|Any CPU
		{89855138-F7B1-4173-9851-E3FDCE5FB759}.Debug|Any CPU.Build.0 = Debug|Any CPU
		{89855138-F7B1-4173-9851-E3FDCE5FB759}.Release|Any CPU.ActiveCfg = Release|Any CPU
		{89855138-F7B1-4173-9851-E3FDCE5FB759}.Release|Any CPU.Build.0 = Release|Any CPU
	EndGlobalSection
	GlobalSection(SolutionProperties) = preSolution
		HideSolutionNode = FALSE
	EndGlobalSection
	GlobalSection(ExtensibilityGlobals) = postSolution
		SolutionGuid = {AC52C13F-AC0F-4740-848A-022D8C57F2D6}
	EndGlobalSection
EndGlobal
